
Microsoft Visual Studio Solution File, Format Version 12.00
# Visual Studio Version 17
VisualStudioVersion = 17.0.31912.275
MinimumVisualStudioVersion = 10.0.40219.1
Project("{9A19103F-16F7-4668-BE54-9A1E7A4F7556}") = "ScriptCut", "ScriptCut\ScriptCut.csproj", "{C32C7014-26A5-4EC7-8FC8-4BD2C38C580E}"
EndProject
Project("{2150E333-8FDC-42A3-9474-1A3956D46DE8}") = "Anonymyzer", "Anonymyzer", "{A37A2EDC-0572-4CBB-BA4A-FD7D03CCBE35}"
EndProject
Project("{FAE04EC0-301F-11D3-BF4B-00C04F79EFBC}") = "Anonymyzer.Base", "Anonymyzer\Anonymyzer.Interfaces\Anonymyzer.Base.csproj", "{6CBCD865-4FD6-4547-8634-2CE7262371D9}"
EndProject
Project("{FAE04EC0-301F-11D3-BF4B-00C04F79EFBC}") = "Anonymyzer.Configuration", "Anonymyzer\Anonymyzer.Configuration\Anonymyzer.Configuration.csproj", "{51D14E2B-A5CB-4A82-BB3E-2780A1D76300}"
EndProject
Project("{FAE04EC0-301F-11D3-BF4B-00C04F79EFBC}") = "Anonymyzer.SqlServer", "Anonymyzer\Anonymyzer.SqlServer\Anonymyzer.SqlServer.csproj", "{4AF84B01-E1A2-4821-8D25-82795EA27D14}"
EndProject
Project("{FAE04EC0-301F-11D3-BF4B-00C04F79EFBC}") = "Anonymyzer.Console", "Anonymyzer\Anonymyzer.Console\Anonymyzer.Console.csproj", "{C8026121-E0AA-4EAE-9219-1639D2F6832B}"
EndProject
Project("{FAE04EC0-301F-11D3-BF4B-00C04F79EFBC}") = "Anonymyzer.ConfigEditor", "Anonymyzer\Anonymyzer.ConfigEditor\Anonymyzer.ConfigEditor.csproj", "{83B3BC4A-FA5C-4B86-A99C-7C9D1082E6CE}"
EndProject
Project("{FAE04EC0-301F-11D3-BF4B-00C04F79EFBC}") = "Anonymyzer.ConfigEditor.Abstractions", "Anonymyzer\Anonymyzer.ConfigEditor.Abstractions\Anonymyzer.ConfigEditor.Abstractions.csproj", "{ECFF32C0-36C5-4C87-89C4-1C48AD08D5EF}"
EndProject
Project("{FAE04EC0-301F-11D3-BF4B-00C04F79EFBC}") = "Anonymyzer.Generators.Simple", "Anonymyzer\Generators\Anonymyzer.Generators.Simple\Anonymyzer.Generators.Simple.csproj", "{CFA36A3C-19C8-4FE9-A5AF-186877ABC3AA}"
EndProject
Project("{FAE04EC0-301F-11D3-BF4B-00C04F79EFBC}") = "Anonymyzer.Generators.Simple.Wpf", "Anonymyzer\Generators\Anonymyzer.Generators.Simple.Wpf\Anonymyzer.Generators.Simple.Wpf.csproj", "{ADBC0BFA-DB7C-4D27-87B0-25A7D93EC696}"
EndProject
Project("{FAE04EC0-301F-11D3-BF4B-00C04F79EFBC}") = "Anonymyzer.Generators.Person", "Anonymyzer\Generators\Anonymyzer.Generators.Person\Anonymyzer.Generators.Person.csproj", "{10D296AF-69E6-46B9-9DB5-4DE69F1B3DB5}"
EndProject
Project("{FAE04EC0-301F-11D3-BF4B-00C04F79EFBC}") = "Anonymyzer.Generators.Person.Wpf", "Anonymyzer\Generators\Anonymyzer.Generators.Person.Wpf\Anonymyzer.Generators.Person.Wpf.csproj", "{E8BCEB6D-8916-483B-8A51-D63A1EF47D6A}"
EndProject
Project("{FAE04EC0-301F-11D3-BF4B-00C04F79EFBC}") = "Anonymyzer.LanguagePack.Polish", "Anonymyzer\LanguagePacks\Anonymyzer.LanguagePack.Polish\Anonymyzer.LanguagePack.Polish.csproj", "{EBE4EA1D-F75D-4B6B-B43D-BBCFE7530416}"
EndProject
Project("{FAE04EC0-301F-11D3-BF4B-00C04F79EFBC}") = "Anonymyzer.PostgreSql", "Anonymyzer\Anonymyzer.PostgreSql\Anonymyzer.PostgreSql.csproj", "{FB9A71D8-0085-4CE1-96A5-7D1D7DDF3B60}"
EndProject
Project("{2150E333-8FDC-42A3-9474-1A3956D46DE8}") = "Tests", "Tests", "{DC1C9997-9916-AB9C-1A37-E98309B47B60}"
EndProject
Project("{FAE04EC0-301F-11D3-BF4B-00C04F79EFBC}") = "Anonymyzer.PostgreSql.Tests", "Anonymyzer\Anonymyzer.PostgreSql.Tests\Anonymyzer.PostgreSql.Tests.csproj", "{09E559CB-EAB9-4C4A-9C8A-EF7DBCCF559C}"
EndProject
Project("{FAE04EC0-301F-11D3-BF4B-00C04F79EFBC}") = "Anonymyzer.LanguagePack.English", "Anonymyzer\LanguagePacks\Anonymyzer.LanguagePack.English\Anonymyzer.LanguagePack.English.csproj", "{47823D59-BC44-4D20-AB48-7B156C91285D}"
EndProject
Global
	GlobalSection(SolutionConfigurationPlatforms) = preSolution
		Debug|Any CPU = Debug|Any CPU
		Release|Any CPU = Release|Any CPU
	EndGlobalSection
	GlobalSection(ProjectConfigurationPlatforms) = postSolution
		{C32C7014-26A5-4EC7-8FC8-4BD2C38C580E}.Debug|Any CPU.ActiveCfg = Debug|Any CPU
		{C32C7014-26A5-4EC7-8FC8-4BD2C38C580E}.Debug|Any CPU.Build.0 = Debug|Any CPU
		{C32C7014-26A5-4EC7-8FC8-4BD2C38C580E}.Release|Any CPU.ActiveCfg = Release|Any CPU
		{C32C7014-26A5-4EC7-8FC8-4BD2C38C580E}.Release|Any CPU.Build.0 = Release|Any CPU
		{6CBCD865-4FD6-4547-8634-2CE7262371D9}.Debug|Any CPU.ActiveCfg = Debug|Any CPU
		{6CBCD865-4FD6-4547-8634-2CE7262371D9}.Debug|Any CPU.Build.0 = Debug|Any CPU
		{6CBCD865-4FD6-4547-8634-2CE7262371D9}.Release|Any CPU.ActiveCfg = Release|Any CPU
		{6CBCD865-4FD6-4547-8634-2CE7262371D9}.Release|Any CPU.Build.0 = Release|Any CPU
		{51D14E2B-A5CB-4A82-BB3E-2780A1D76300}.Debug|Any CPU.ActiveCfg = Debug|Any CPU
		{51D14E2B-A5CB-4A82-BB3E-2780A1D76300}.Debug|Any CPU.Build.0 = Debug|Any CPU
		{51D14E2B-A5CB-4A82-BB3E-2780A1D76300}.Release|Any CPU.ActiveCfg = Release|Any CPU
		{51D14E2B-A5CB-4A82-BB3E-2780A1D76300}.Release|Any CPU.Build.0 = Release|Any CPU
		{4AF84B01-E1A2-4821-8D25-82795EA27D14}.Debug|Any CPU.ActiveCfg = Debug|Any CPU
		{4AF84B01-E1A2-4821-8D25-82795EA27D14}.Debug|Any CPU.Build.0 = Debug|Any CPU
		{4AF84B01-E1A2-4821-8D25-82795EA27D14}.Release|Any CPU.ActiveCfg = Release|Any CPU
		{4AF84B01-E1A2-4821-8D25-82795EA27D14}.Release|Any CPU.Build.0 = Release|Any CPU
		{C8026121-E0AA-4EAE-9219-1639D2F6832B}.Debug|Any CPU.ActiveCfg = Debug|Any CPU
		{C8026121-E0AA-4EAE-9219-1639D2F6832B}.Debug|Any CPU.Build.0 = Debug|Any CPU
		{C8026121-E0AA-4EAE-9219-1639D2F6832B}.Release|Any CPU.ActiveCfg = Release|Any CPU
		{C8026121-E0AA-4EAE-9219-1639D2F6832B}.Release|Any CPU.Build.0 = Release|Any CPU
		{83B3BC4A-FA5C-4B86-A99C-7C9D1082E6CE}.Debug|Any CPU.ActiveCfg = Debug|Any CPU
		{83B3BC4A-FA5C-4B86-A99C-7C9D1082E6CE}.Debug|Any CPU.Build.0 = Debug|Any CPU
		{83B3BC4A-FA5C-4B86-A99C-7C9D1082E6CE}.Release|Any CPU.ActiveCfg = Release|Any CPU
		{83B3BC4A-FA5C-4B86-A99C-7C9D1082E6CE}.Release|Any CPU.Build.0 = Release|Any CPU
		{ECFF32C0-36C5-4C87-89C4-1C48AD08D5EF}.Debug|Any CPU.ActiveCfg = Debug|Any CPU
		{ECFF32C0-36C5-4C87-89C4-1C48AD08D5EF}.Debug|Any CPU.Build.0 = Debug|Any CPU
		{ECFF32C0-36C5-4C87-89C4-1C48AD08D5EF}.Release|Any CPU.ActiveCfg = Release|Any CPU
		{ECFF32C0-36C5-4C87-89C4-1C48AD08D5EF}.Release|Any CPU.Build.0 = Release|Any CPU
		{CFA36A3C-19C8-4FE9-A5AF-186877ABC3AA}.Debug|Any CPU.ActiveCfg = Debug|Any CPU
		{CFA36A3C-19C8-4FE9-A5AF-186877ABC3AA}.Debug|Any CPU.Build.0 = Debug|Any CPU
		{CFA36A3C-19C8-4FE9-A5AF-186877ABC3AA}.Release|Any CPU.ActiveCfg = Release|Any CPU
		{CFA36A3C-19C8-4FE9-A5AF-186877ABC3AA}.Release|Any CPU.Build.0 = Release|Any CPU
		{ADBC0BFA-DB7C-4D27-87B0-25A7D93EC696}.Debug|Any CPU.ActiveCfg = Debug|Any CPU
		{ADBC0BFA-DB7C-4D27-87B0-25A7D93EC696}.Debug|Any CPU.Build.0 = Debug|Any CPU
		{ADBC0BFA-DB7C-4D27-87B0-25A7D93EC696}.Release|Any CPU.ActiveCfg = Release|Any CPU
		{ADBC0BFA-DB7C-4D27-87B0-25A7D93EC696}.Release|Any CPU.Build.0 = Release|Any CPU
		{10D296AF-69E6-46B9-9DB5-4DE69F1B3DB5}.Debug|Any CPU.ActiveCfg = Debug|Any CPU
		{10D296AF-69E6-46B9-9DB5-4DE69F1B3DB5}.Debug|Any CPU.Build.0 = Debug|Any CPU
		{10D296AF-69E6-46B9-9DB5-4DE69F1B3DB5}.Release|Any CPU.ActiveCfg = Release|Any CPU
		{10D296AF-69E6-46B9-9DB5-4DE69F1B3DB5}.Release|Any CPU.Build.0 = Release|Any CPU
		{E8BCEB6D-8916-483B-8A51-D63A1EF47D6A}.Debug|Any CPU.ActiveCfg = Debug|Any CPU
		{E8BCEB6D-8916-483B-8A51-D63A1EF47D6A}.Debug|Any CPU.Build.0 = Debug|Any CPU
		{E8BCEB6D-8916-483B-8A51-D63A1EF47D6A}.Release|Any CPU.ActiveCfg = Release|Any CPU
		{E8BCEB6D-8916-483B-8A51-D63A1EF47D6A}.Release|Any CPU.Build.0 = Release|Any CPU
		{EBE4EA1D-F75D-4B6B-B43D-BBCFE7530416}.Debug|Any CPU.ActiveCfg = Debug|Any CPU
		{EBE4EA1D-F75D-4B6B-B43D-BBCFE7530416}.Debug|Any CPU.Build.0 = Debug|Any CPU
		{EBE4EA1D-F75D-4B6B-B43D-BBCFE7530416}.Release|Any CPU.ActiveCfg = Release|Any CPU
		{EBE4EA1D-F75D-4B6B-B43D-BBCFE7530416}.Release|Any CPU.Build.0 = Release|Any CPU
		{FB9A71D8-0085-4CE1-96A5-7D1D7DDF3B60}.Debug|Any CPU.ActiveCfg = Debug|Any CPU
		{FB9A71D8-0085-4CE1-96A5-7D1D7DDF3B60}.Debug|Any CPU.Build.0 = Debug|Any CPU
		{FB9A71D8-0085-4CE1-96A5-7D1D7DDF3B60}.Release|Any CPU.ActiveCfg = Release|Any CPU
		{FB9A71D8-0085-4CE1-96A5-7D1D7DDF3B60}.Release|Any CPU.Build.0 = Release|Any CPU
		{09E559CB-EAB9-4C4A-9C8A-EF7DBCCF559C}.Debug|Any CPU.ActiveCfg = Debug|Any CPU
		{09E559CB-EAB9-4C4A-9C8A-EF7DBCCF559C}.Debug|Any CPU.Build.0 = Debug|Any CPU
		{09E559CB-EAB9-4C4A-9C8A-EF7DBCCF559C}.Release|Any CPU.ActiveCfg = Release|Any CPU
		{09E559CB-EAB9-4C4A-9C8A-EF7DBCCF559C}.Release|Any CPU.Build.0 = Release|Any CPU
		{47823D59-BC44-4D20-AB48-7B156C91285D}.Debug|Any CPU.ActiveCfg = Debug|Any CPU
		{47823D59-BC44-4D20-AB48-7B156C91285D}.Debug|Any CPU.Build.0 = Debug|Any CPU
		{47823D59-BC44-4D20-AB48-7B156C91285D}.Release|Any CPU.ActiveCfg = Release|Any CPU
		{47823D59-BC44-4D20-AB48-7B156C91285D}.Release|Any CPU.Build.0 = Release|Any CPU
	EndGlobalSection
	GlobalSection(SolutionProperties) = preSolution
		HideSolutionNode = FALSE
	EndGlobalSection
	GlobalSection(NestedProjects) = preSolution
		{6CBCD865-4FD6-4547-8634-2CE7262371D9} = {A37A2EDC-0572-4CBB-BA4A-FD7D03CCBE35}
		{51D14E2B-A5CB-4A82-BB3E-2780A1D76300} = {A37A2EDC-0572-4CBB-BA4A-FD7D03CCBE35}
		{4AF84B01-E1A2-4821-8D25-82795EA27D14} = {A37A2EDC-0572-4CBB-BA4A-FD7D03CCBE35}
		{C8026121-E0AA-4EAE-9219-1639D2F6832B} = {A37A2EDC-0572-4CBB-BA4A-FD7D03CCBE35}
		{83B3BC4A-FA5C-4B86-A99C-7C9D1082E6CE} = {A37A2EDC-0572-4CBB-BA4A-FD7D03CCBE35}
		{ECFF32C0-36C5-4C87-89C4-1C48AD08D5EF} = {A37A2EDC-0572-4CBB-BA4A-FD7D03CCBE35}
		{CFA36A3C-19C8-4FE9-A5AF-186877ABC3AA} = {A37A2EDC-0572-4CBB-BA4A-FD7D03CCBE35}
		{ADBC0BFA-DB7C-4D27-87B0-25A7D93EC696} = {A37A2EDC-0572-4CBB-BA4A-FD7D03CCBE35}
		{10D296AF-69E6-46B9-9DB5-4DE69F1B3DB5} = {A37A2EDC-0572-4CBB-BA4A-FD7D03CCBE35}
		{E8BCEB6D-8916-483B-8A51-D63A1EF47D6A} = {A37A2EDC-0572-4CBB-BA4A-FD7D03CCBE35}
		{EBE4EA1D-F75D-4B6B-B43D-BBCFE7530416} = {A37A2EDC-0572-4CBB-BA4A-FD7D03CCBE35}
		{FB9A71D8-0085-4CE1-96A5-7D1D7DDF3B60} = {A37A2EDC-0572-4CBB-BA4A-FD7D03CCBE35}
		{DC1C9997-9916-AB9C-1A37-E98309B47B60} = {A37A2EDC-0572-4CBB-BA4A-FD7D03CCBE35}
		{09E559CB-EAB9-4C4A-9C8A-EF7DBCCF559C} = {DC1C9997-9916-AB9C-1A37-E98309B47B60}
		{47823D59-BC44-4D20-AB48-7B156C91285D} = {A37A2EDC-0572-4CBB-BA4A-FD7D03CCBE35}
	EndGlobalSection
	GlobalSection(ExtensibilityGlobals) = postSolution
		SolutionGuid = {E951A53D-C55F-44C0-99AB-510AA0078893}
	EndGlobalSection
EndGlobal
